// !PlayerService /Users/fusionrise/Desktop/Nut/Source/Runtime/MicroServices/PlayerService Sources/PlayerServiceMain.cppUTF8*68612
{
	archiveVersion = 1;
	classes = {
	};
	objectVersion = 46;
	objects = {
		BDC6E724779E4F31BD3B0353 /* Project object */ = {
			isa = PBXProject;
			attributes = {
				LastUpgradeCheck = 9999;
			};
			buildConfigurationList = 0EA19EDF30264D73A8BA4C07;
			compatibilityVersion = "Xcode 3.2";
			mainGroup = C1FF33BE6C044E6E9D13C2AE;
			targets = (
				3F252197DA5E472B9D600D76,
			);
		};
		C1FF33BE6C044E6E9D13C2AE /* Main Group */ = {
			isa = PBXGroup;
			children = (
				B10FB71E8648474E91291E1F /* Sources/PlayerServiceMain.cpp */,
			);
			sourceTree = "<group>";
		};
		3F252197DA5E472B9D600D76 /* PlayerService */ = {
			isa = PBXNativeTarget;
			name = "PlayerService";
			productType = "com.apple.product-type.tool";
			buildConfigurationList = AC4093E188574551B275FAA4;
			buildPhases = (
				48E971D7BD244D6D83C88E4D,
			);
			buildRules = (
			);
			dependencies = (
			);
			productReference = F49FC4D8D6B84EF1A29D5A68;
		};
		B10FB71E8648474E91291E1F /* Sources/PlayerServiceMain.cpp */ = {
			isa = PBXFileReference;
			lastKnownFileType = sourcecode.c.c;
			path = "Sources/PlayerServiceMain.cpp";
			sourceTree = "<group>";
		};
		F49FC4D8D6B84EF1A29D5A68 /* PlayerService */ = {
			isa = PBXFileReference;
			explicitFileType = "compiled.mach-o.executable";
			path = "PlayerService";
			sourceTree = "BUILT_PRODUCTS_DIR";
		};
		6BA836AB6F6B40F48D6B4357 /* Sources/PlayerServiceMain.cpp in Sources */ = {
			isa = PBXBuildFile;
			fileRef = B10FB71E8648474E91291E1F;
		};
		48E971D7BD244D6D83C88E4D /* Sources */ = {
			isa = PBXSourcesBuildPhase;
			buildActionMask = 2147483647;
			files = (
				6BA836AB6F6B40F48D6B4357 /* Sources/PlayerServiceMain.cpp in Sources */,
			);
			runOnlyForDeploymentPostprocessing = 0;
		};
		8F1E8750F4074D7E810B1F22 /* Project Debug */ = {
			isa = XCBuildConfiguration;
			name = Debug;
			buildSettings = {
				PRODUCT_NAME = "$(TARGET_NAME)";
			};
		};
		132168458A114E389BC2A136 /* Project Release */ = {
			isa = XCBuildConfiguration;
			name = Release;
			buildSettings = {
				PRODUCT_NAME = "$(TARGET_NAME)";
			};
		};
		B9BB6B4F6D7841A3B4B5C20F /* Target Debug */ = {
			isa = XCBuildConfiguration;
			name = Debug;
			buildSettings = {
				PRODUCT_NAME = "$(TARGET_NAME)";
			};
		};
		EEC3F2D3468541CA9F4D2B19 /* Target Release */ = {
			isa = XCBuildConfiguration;
			name = Release;
			buildSettings = {
				PRODUCT_NAME = "$(TARGET_NAME)";
			};
		};
		0EA19EDF30264D73A8BA4C07 /* Build configuration list for PBXProject */ = {
			isa = XCConfigurationList;
			buildConfigurations = (
				8F1E8750F4074D7E810B1F22,
				132168458A114E389BC2A136,
			);
			defaultConfigurationIsVisible = 0;
			defaultConfigurationName = Release;
		};
		AC4093E188574551B275FAA4 /* Build configuration list for PBXNativeTarget */ = {
			isa = XCConfigurationList;
			buildConfigurations = (
				B9BB6B4F6D7841A3B4B5C20F,
				EEC3F2D3468541CA9F4D2B19,
			);
			defaultConfigurationIsVisible = 0;
			defaultConfigurationName = Release;
		};
	};
	rootObject = BDC6E724779E4F31BD3B0353;
}
