// !$*UTF8*$!
{
	archiveVersion = 1;
	classes = {
	};
	objectVersion = 56;
	objects = {
		/* Begin PBXBuildFile section */
		/* End PBXBuildFile section */
		
		/* Begin PBXFileReference section */
		/* End PBXFileReference section */
		
		/* Begin PBXFrameworksBuildPhase section */
		/* End PBXFrameworksBuildPhase section */
		
		/* Begin PBXGroup section */
		/* Runtime Group */
		/* Programs Group */
		/* End PBXGroup section */
		
		/* Begin PBXNativeTarget section */
		/* End PBXNativeTarget section */
		
		/* Begin XCBuildConfiguration section */
		/* End XCBuildConfiguration section */
		
		/* Begin XCConfigurationList section */
		/* End XCConfigurationList section */
	};
	rootObject = 1234567890ABCDEF /* Project object */;
}
